
Microsoft Visual Studio Solution File, Format Version 12.00
# Visual Studio 15
VisualStudioVersion = 15.0.28307.960
MinimumVisualStudioVersion = 10.0.40219.1
Project("{FAE04EC0-301F-11D3-BF4B-00C04F79EFBC}") = "TestApp", "TestApp\TestApp.csproj", "{88BD9589-4142-4050-A68E-2CB3A01B7B03}"
EndProject
Project("{FAE04EC0-301F-11D3-BF4B-00C04F79EFBC}") = "SimpleSharp", "ReferenceLib\SimpleSharp.csproj", "{6687AA53-0067-44A4-87DA-507E6116ED4D}"
EndProject
Project("{FAE04EC0-301F-11D3-BF4B-00C04F79EFBC}") = "OopSharp", "OopSharp\OopSharp.csproj", "{E2ECE85E-2DCC-4C3C-BFBB-4479D0924A07}"
EndProject
Project("{FAE04EC0-301F-11D3-BF4B-00C04F79EFBC}") = "ExtendedSharp", "ExtendedSharp\ExtendedSharp.csproj", "{A8B6D6D1-98F6-427A-B523-8B95266CF724}"
EndProject
Project("{FAE04EC0-301F-11D3-BF4B-00C04F79EFBC}") = "TestAssembly", "TestAssembly\TestAssembly.csproj", "{78658BCD-5E1E-4280-9AD2-2EAD3671664E}"
EndProject
Project("{FAE04EC0-301F-11D3-BF4B-00C04F79EFBC}") = "Interfaces", "Interfaces\Interfaces.csproj", "{5E8C0B98-551B-4EB4-AC8B-2AC53403DDD9}"
EndProject
Project("{FAE04EC0-301F-11D3-BF4B-00C04F79EFBC}") = "WorkWithDatabase", "WorkWithDatabase\WorkWithDatabase.csproj", "{9DAEF4E3-3034-49A1-9237-B9C694F99FB6}"
EndProject
Project("{FAE04EC0-301F-11D3-BF4B-00C04F79EFBC}") = "WorkWithEntityFramework", "WorkWithEntityFramework\WorkWithEntityFramework.csproj", "{AFD7820F-E85F-43E9-81CB-5025B3C61B43}"
EndProject
Global
	GlobalSection(SolutionConfigurationPlatforms) = preSolution
		Debug|Any CPU = Debug|Any CPU
		Release|Any CPU = Release|Any CPU
	EndGlobalSection
	GlobalSection(ProjectConfigurationPlatforms) = postSolution
		{88BD9589-4142-4050-A68E-2CB3A01B7B03}.Debug|Any CPU.ActiveCfg = Debug|Any CPU
		{88BD9589-4142-4050-A68E-2CB3A01B7B03}.Debug|Any CPU.Build.0 = Debug|Any CPU
		{88BD9589-4142-4050-A68E-2CB3A01B7B03}.Release|Any CPU.ActiveCfg = Release|Any CPU
		{88BD9589-4142-4050-A68E-2CB3A01B7B03}.Release|Any CPU.Build.0 = Release|Any CPU
		{6687AA53-0067-44A4-87DA-507E6116ED4D}.Debug|Any CPU.ActiveCfg = Debug|Any CPU
		{6687AA53-0067-44A4-87DA-507E6116ED4D}.Debug|Any CPU.Build.0 = Debug|Any CPU
		{6687AA53-0067-44A4-87DA-507E6116ED4D}.Release|Any CPU.ActiveCfg = Release|Any CPU
		{6687AA53-0067-44A4-87DA-507E6116ED4D}.Release|Any CPU.Build.0 = Release|Any CPU
		{E2ECE85E-2DCC-4C3C-BFBB-4479D0924A07}.Debug|Any CPU.ActiveCfg = Debug|Any CPU
		{E2ECE85E-2DCC-4C3C-BFBB-4479D0924A07}.Debug|Any CPU.Build.0 = Debug|Any CPU
		{E2ECE85E-2DCC-4C3C-BFBB-4479D0924A07}.Release|Any CPU.ActiveCfg = Release|Any CPU
		{E2ECE85E-2DCC-4C3C-BFBB-4479D0924A07}.Release|Any CPU.Build.0 = Release|Any CPU
		{A8B6D6D1-98F6-427A-B523-8B95266CF724}.Debug|Any CPU.ActiveCfg = Debug|Any CPU
		{A8B6D6D1-98F6-427A-B523-8B95266CF724}.Debug|Any CPU.Build.0 = Debug|Any CPU
		{A8B6D6D1-98F6-427A-B523-8B95266CF724}.Release|Any CPU.ActiveCfg = Release|Any CPU
		{A8B6D6D1-98F6-427A-B523-8B95266CF724}.Release|Any CPU.Build.0 = Release|Any CPU
		{78658BCD-5E1E-4280-9AD2-2EAD3671664E}.Debug|Any CPU.ActiveCfg = Debug|Any CPU
		{78658BCD-5E1E-4280-9AD2-2EAD3671664E}.Debug|Any CPU.Build.0 = Debug|Any CPU
		{78658BCD-5E1E-4280-9AD2-2EAD3671664E}.Release|Any CPU.ActiveCfg = Release|Any CPU
		{78658BCD-5E1E-4280-9AD2-2EAD3671664E}.Release|Any CPU.Build.0 = Release|Any CPU
		{5E8C0B98-551B-4EB4-AC8B-2AC53403DDD9}.Debug|Any CPU.ActiveCfg = Debug|Any CPU
		{5E8C0B98-551B-4EB4-AC8B-2AC53403DDD9}.Debug|Any CPU.Build.0 = Debug|Any CPU
		{5E8C0B98-551B-4EB4-AC8B-2AC53403DDD9}.Release|Any CPU.ActiveCfg = Release|Any CPU
		{5E8C0B98-551B-4EB4-AC8B-2AC53403DDD9}.Release|Any CPU.Build.0 = Release|Any CPU
		{9DAEF4E3-3034-49A1-9237-B9C694F99FB6}.Debug|Any CPU.ActiveCfg = Debug|Any CPU
		{9DAEF4E3-3034-49A1-9237-B9C694F99FB6}.Debug|Any CPU.Build.0 = Debug|Any CPU
		{9DAEF4E3-3034-49A1-9237-B9C694F99FB6}.Release|Any CPU.ActiveCfg = Release|Any CPU
		{9DAEF4E3-3034-49A1-9237-B9C694F99FB6}.Release|Any CPU.Build.0 = Release|Any CPU
		{AFD7820F-E85F-43E9-81CB-5025B3C61B43}.Debug|Any CPU.ActiveCfg = Debug|Any CPU
		{AFD7820F-E85F-43E9-81CB-5025B3C61B43}.Debug|Any CPU.Build.0 = Debug|Any CPU
		{AFD7820F-E85F-43E9-81CB-5025B3C61B43}.Release|Any CPU.ActiveCfg = Release|Any CPU
		{AFD7820F-E85F-43E9-81CB-5025B3C61B43}.Release|Any CPU.Build.0 = Release|Any CPU
	EndGlobalSection
	GlobalSection(SolutionProperties) = preSolution
		HideSolutionNode = FALSE
	EndGlobalSection
	GlobalSection(ExtensibilityGlobals) = postSolution
		SolutionGuid = {A3CE2985-B642-4378-BF46-8DE7119CC7BB}
	EndGlobalSection
EndGlobal
